github.com/MicahParks/keyfunc/v2 v2.1.0 h1:6ZXKb9Rp6qp1bDbJefnG7cTH8yMN1IC/4nf+GVjO99k=
github.com/MicahParks/keyfunc/v2 v2.1.0/go.mod h1:rW42fi+xgLJ2FRRXAfNx9ZA8WpD4OeE/yHVMteCkw9k=
github.com/aws/aws-sdk-go-v2 v1.43.6 h1:RrmFcqCBxkJuf7g1axVo5krB4jM/AO8r5e5oujrgdoQ=
github.com/aws/aws-sdk-go-v2 v1.43.6/go.mod h1:tXpPM+v0D1lndmga+HqqLDIzUFJlEeR21aspVklHF00=
github.com/aws/aws-sdk-go-v2/aws/protocol/eventstream v1.7.14 h1:3IZY0XAJquT3aHzbkHfPzy4ACPcEjVG0x87KOwtpqGY=
github.com/aws/aws-sdk-go-v2/aws/protocol/eventstream v1.7.14/go.mod h1:zwM6veDkhGgQFqkBy+uT28AAYpLu+uFMlPl+rCg/73E=
github.com/aws/aws-sdk-go-v2/config v1.32.33 h1:M1m/Q6f0OKDEDGwhiNOqx1OjTdrewe3v+GDbHmKczWk=
github.com/aws/aws-sdk-go-v2/config v1.32.33/go.mod h1:fGj1iQj2QpIZzp7jE4aQQ+71TE8cd4z9K4+xCd6EqmE=
github.com/aws/aws-sdk-go-v2/credentials v1.19.32 h1:eNE0JnIblBo1NCvd3tqEYuZz9XDefn69R74CHd3nT7U=
github.com/aws/aws-sdk-go-v2/credentials v1.19.32/go.mod h1:yYJu+6tqKUYZuJSYcpSGjz/6sV/SUaAaKIufnWKx2OU=
github.com/aws/aws-sdk-go-v2/feature/ec2/imds v1.18.33 h1:MobhiR6KIerWxmO74Zit5I3379+mSc2DOdZ3DeRFB9w=
github.com/aws/aws-sdk-go-v2/feature/ec2/imds v1.18.33/go.mod h1:xu02847OdZfNr/jAfZpHtyRk0b3v4d0kaoxNHxZGG/w=
github.com/aws/aws-sdk-go-v2/feature/s3/manager v1.22.35 h1:TwCjUC1rnFKTtfqEpQY9ClYPFpGpUaouODrdGPB5b3Y=
github.com/aws/aws-sdk-go-v2/feature/s3/manager v1.22.35/go.mod h1:V0zqtP3iJk9zu86GxuQGN09RYyQB+3mjcPiyfLC6wlg=
github.com/aws/aws-sdk-go-v2/internal/configsources v1.4.37 h1:lznzIOvvbqjfe8UAaciCRJgBgJsxuTROKlhZuXQWfv8=
github.com/aws/aws-sdk-go-v2/internal/configsources v1.4.37/go.mod h1:otfkzyfQeMMLZAqX59GSXTL3o22BR/l6HFaRzzbWSqA=
github.com/aws/aws-sdk-go-v2/internal/endpoints/v2 v2.7.37 h1:zCEORWo0eU0gDjG+IyApE/2B+ZGG1m+GU7B263XV8ds=
github.com/aws/aws-sdk-go-v2/internal/endpoints/v2 v2.7.37/go.mod h1:i6c0PEl3TNOWxRbQ++KQcVenPWS/GoQeiklKhNuqzJ8=
github.com/aws/aws-sdk-go-v2/internal/v4a v1.4.34 h1:HQYnjFnXpX8EbPW5M1QT8mXzesRPwly0HEPTcFlS02Y=
github.com/aws/aws-sdk-go-v2/internal/v4a v1.4.34/go.mod h1:tGzj56niKYZBbDIRhwPGDqrULzmWv5b6uBQGqyNaFZw=
github.com/aws/aws-sdk-go-v2/service/cloudwatch v1.66.4 h1:uLJvZPlHcNDKpy4DwiItYVxfHsY0xOUxvXQOwF6wQ4Q=
github.com/aws/aws-sdk-go-v2/service/cloudwatch v1.66.4/go.mod h1:De2gtqReQOh6OwdgQUnJnGdmJqRvBCHRAbVDDqCy3Pk=
github.com/aws/aws-sdk-go-v2/service/costexplorer v1.67.2 h1:Vq6bn3nzIWJjxURSRTQGWQrDC03kpyMWfd41+qi+X9k=
github.com/aws/aws-sdk-go-v2/service/costexplorer v1.67.2/go.mod h1:H+OYQ5HRLgQq04JgHxA/4+hS5Pl3hP2TaddApAW++Q0=
github.com/aws/aws-sdk-go-v2/service/ec2 v1.317.0 h1:IkqA16g2hkQntk/K5+srT65TueoTDa7vGhZwqG9w6T4=
github.com/aws/aws-sdk-go-v2/service/ec2 v1.317.0/go.mod h1:dmz3SHr11/hwUijR6xfE/xDRNHcjJwJWZ9ASZdkjGeg=
github.com/aws/aws-sdk-go-v2/service/internal/accept-encoding v1.13.14 h1:SA43nfaY7+1jjMNIc2ywu99JLJLButtIdLP6j+bT870=
github.com/aws/aws-sdk-go-v2/service/internal/accept-encoding v1.13.14/go.mod h1:Du3llKcwbQvHsTXSLzTOGQz0DTDBMEzdg7DAGu7inrY=
github.com/aws/aws-sdk-go-v2/service/internal/checksum v1.9.24 h1:mdPwDQPqxlw9Sc62Nt15yjEcARaDbPXkjRYtXsUripo=
github.com/aws/aws-sdk-go-v2/service/internal/checksum v1.9.24/go.mod h1:ls5ytnwLTcQaUu32fMYXFI3MjpKuTwL840PAm9iqyEg=
github.com/aws/aws-sdk-go-v2/service/internal/presigned-url v1.13.33 h1:mqI7OrxN/DUH85F5OqVn3cIfuZ3+HVcebUm2N8mLlgQ=
github.com/aws/aws-sdk-go-v2/service/internal/presigned-url v1.13.33/go.mod h1:eZ5jdEpvaaOU8nWWE4cTAJETSEA5FZoWxvNRao4piHY=
github.com/aws/aws-sdk-go-v2/service/internal/s3shared v1.19.32 h1:jWXtZdCnhXa9sGFixRaU2AxT4DIVse9HS4E2f+/KwV0=
github.com/aws/aws-sdk-go-v2/service/internal/s3shared v1.19.32/go.mod h1:9JS1UpfVvyD/ZPX8GsKb/Pq8scEM+7GP5fqh9SwH7po=
github.com/aws/aws-sdk-go-v2/service/s3 v1.106.0 h1:7QZWVJZWzHivHWIa+5TELLaBBkbuoj0GPwQtMlJ0sqk=
github.com/aws/aws-sdk-go-v2/service/s3 v1.106.0/go.mod h1:fcvq5L7dK+5cQFicEJwpI6e6Wn8NY2i6yT5wRLYVc7s=
github.com/aws/aws-sdk-go-v2/service/ses v1.37.2 h1:y35oC3vlctXp37uZOsGtaN+ixUePwf3op5GUBEzeuiU=
github.com/aws/aws-sdk-go-v2/service/ses v1.37.2/go.mod h1:aBnPgMvPxCVip5jV6Rs8gFR8LYIT6jJ75/1hE7Focwc=
github.com/aws/aws-sdk-go-v2/service/signin v1.5.2 h1:EjI1CZzDcBxPkTa3j1BdtIrUDbqnOGssFMeyUS+6W0I=
github.com/aws/aws-sdk-go-v2/service/signin v1.5.2/go.mod h1:vN3eb5H8MEAZ4dx0F5Wc9LT8eb3eW7bZZ5BjGJdbw9k=
github.com/aws/aws-sdk-go-v2/service/sso v1.33.2 h1:zMP1FDFE08L7sM5f1QqkH/ZgKKg8Uc0Dz7KhSSYqWkw=
github.com/aws/aws-sdk-go-v2/service/sso v1.33.2/go.mod h1:0LoIZSUKjdo2BleHfT1hv/jlD33LQS00IrBlzoUsoUQ=
github.com/aws/aws-sdk-go-v2/service/ssooidc v1.38.2 h1:9eTqUYl+SyVmaRPMyBXSO9wwqC6TRwZB82pKENK2hdQ=
github.com/aws/aws-sdk-go-v2/service/ssooidc v1.38.2/go.mod h1:DThweuz22kiLc7lGHop5vQ9c3bx5W6Azs/YqSHa2fu8=
github.com/aws/aws-sdk-go-v2/service/sts v1.45.2 h1:EJd8vZO3E8SE6nmPqxuxlQ1NeSb8as50sf6eGdV4Saw=
github.com/aws/aws-sdk-go-v2/service/sts v1.45.2/go.mod h1:OgpPvKzsO2Ranjpli/20djMkg6UrV5mw4W3pZpq1Mqo=
github.com/aws/smithy-go v1.27.8 h1:FR0dxZfIlV7Z8eh2iHfIofdunw382XsDV3Mxt9nUvRY=
github.com/aws/smithy-go v1.27.8/go.mod h1:YE2RhdIuDbA5E5bTdciG9KrW3+TiEONeUWCqxX9i1Fc=
github.com/golang-jwt/jwt/v5 v5.3.1 h1:kYf81DTWFe7t+1VvL7eS+jKFVWaUnK9cB1qbwn63YCY=
github.com/golang-jwt/jwt/v5 v5.3.1/go.mod h1:fxCRLWMO43lRc8nhHWY6LGqRcf+1gQWArsqaEUEa5bE=
github.com/joho/godotenv v1.5.1 h1:7eLL/+HRGLY0ldzfGMeQkb7vMd0as4CfYvUVzLqw0N0=
github.com/joho/godotenv v1.5.1/go.mod h1:f4LDr5Voq0i2e/R5DDNOoa2zzDfwtkZa6DnEwAbqwq4=
github.com/lib/pq v1.12.3 h1:tTWxr2YLKwIvK90ZXEw8GP7UFHtcbTtty8zsI+YjrfQ=
github.com/lib/pq v1.12.3/go.mod h1:/p+8NSbOcwzAEI7wiMXFlgydTwcgTr3OSKMsD2BitpA=
github.com/robfig/cron/v3 v3.0.1 h1:WdRxkvbJztn8LMz/QEvLN5sBU+xKpSqwwUO1Pjr4qDs=
github.com/robfig/cron/v3 v3.0.1/go.mod h1:eQICP3HwyT7UooqI/z+Ov+PtYAWygg1TEWWzGIFLtro=
